
Microsoft Visual Studio Solution File, Format Version 12.00
# Visual Studio Version 16
VisualStudioVersion = 16.0.29102.190
MinimumVisualStudioVersion = 10.0.40219.1
Project("{FAE04EC0-301F-11D3-BF4B-00C04F79EFBC}") = "cs_Participant", "cs_Participant\cs_Participant.csproj", "{2CAFF4D7-B888-4AE1-834C-BBF081577BFC}"
EndProject
Project("{FAE04EC0-301F-11D3-BF4B-00C04F79EFBC}") = "cs_Participant_Test", "cs_Participant_Test\cs_Participant_Test.csproj", "{5B67E8E4-1F63-4220-BD5B-FF98BC566276}"
EndProject
Project("{FAE04EC0-301F-11D3-BF4B-00C04F79EFBC}") = "ParticipantApp", "Participant\ParticipantApp.csproj", "{A3253894-91FB-4236-8D48-840A6596B03A}"
EndProject
Global
	GlobalSection(SolutionConfigurationPlatforms) = preSolution
		Debug|Any CPU = Debug|Any CPU
		Release|Any CPU = Release|Any CPU
	EndGlobalSection
	GlobalSection(ProjectConfigurationPlatforms) = postSolution
		{2CAFF4D7-B888-4AE1-834C-BBF081577BFC}.Debug|Any CPU.ActiveCfg = Debug|Any CPU
		{2CAFF4D7-B888-4AE1-834C-BBF081577BFC}.Debug|Any CPU.Build.0 = Debug|Any CPU
		{2CAFF4D7-B888-4AE1-834C-BBF081577BFC}.Release|Any CPU.ActiveCfg = Release|Any CPU
		{2CAFF4D7-B888-4AE1-834C-BBF081577BFC}.Release|Any CPU.Build.0 = Release|Any CPU
		{5B67E8E4-1F63-4220-BD5B-FF98BC566276}.Debug|Any CPU.ActiveCfg = Debug|Any CPU
		{5B67E8E4-1F63-4220-BD5B-FF98BC566276}.Debug|Any CPU.Build.0 = Debug|Any CPU
		{5B67E8E4-1F63-4220-BD5B-FF98BC566276}.Release|Any CPU.ActiveCfg = Release|Any CPU
		{5B67E8E4-1F63-4220-BD5B-FF98BC566276}.Release|Any CPU.Build.0 = Release|Any CPU
		{A3253894-91FB-4236-8D48-840A6596B03A}.Debug|Any CPU.ActiveCfg = Debug|Any CPU
		{A3253894-91FB-4236-8D48-840A6596B03A}.Debug|Any CPU.Build.0 = Debug|Any CPU
		{A3253894-91FB-4236-8D48-840A6596B03A}.Release|Any CPU.ActiveCfg = Release|Any CPU
		{A3253894-91FB-4236-8D48-840A6596B03A}.Release|Any CPU.Build.0 = Release|Any CPU
	EndGlobalSection
	GlobalSection(SolutionProperties) = preSolution
		HideSolutionNode = FALSE
	EndGlobalSection
	GlobalSection(ExtensibilityGlobals) = postSolution
		SolutionGuid = {4BB5077F-9D06-46BA-956A-E0932E8BCC3B}
	EndGlobalSection
EndGlobal
